// !$*UTF8*$!
{
	archiveVersion = 1;
	classes = {
	};
	objectVersion = 46;
	objects = {

/* Begin PBXBuildFile section */
		580FFE931EFE3F4F002A422D /* main.m in Sources */ = {isa = PBXBuildFile; fileRef = 580FFE921EFE3F4F002A422D /* main.m */; };
		580FFE961EFE3F4F002A422D /* AppDelegate.m in Sources */ = {isa = PBXBuildFile; fileRef = 580FFE951EFE3F4F002A422D /* AppDelegate.m */; };
		580FFE991EFE3F4F002A422D /* ViewController.m in Sources */ = {isa = PBXBuildFile; fileRef = 580FFE981EFE3F4F002A422D /* ViewController.m */; };
		580FFE9C1EFE3F4F002A422D /* Main.storyboard in Resources */ = {isa = PBXBuildFile; fileRef = 580FFE9A1EFE3F4F002A422D /* Main.storyboard */; };
		580FFE9E1EFE3F4F002A422D /* Assets.xcassets in Resources */ = {isa = PBXBuildFile; fileRef = 580FFE9D1EFE3F4F002A422D /* Assets.xcassets */; };
		580FFEA11EFE3F4F002A422D /* LaunchScreen.storyboard in Resources */ = {isa = PBXBuildFile; fileRef = 580FFE9F1EFE3F4F002A422D /* LaunchScreen.storyboard */; };
		580FFEAC1EFE3F4F002A422D /* ZYDataBaseToolDemoTests.m in Sources */ = {isa = PBXBuildFile; fileRef = 580FFEAB1EFE3F4F002A422D /* ZYDataBaseToolDemoTests.m */; };
		580FFEB71EFE3F4F002A422D /* ZYDataBaseToolDemoUITests.m in Sources */ = {isa = PBXBuildFile; fileRef = 580FFEB61EFE3F4F002A422D /* ZYDataBaseToolDemoUITests.m */; };
		580FFEC71EFE3F68002A422D /* ZYDatabaseTool.m in Sources */ = {isa = PBXBuildFile; fileRef = 580FFEC61EFE3F68002A422D /* ZYDatabaseTool.m */; };
		580FFED51EFE4160002A422D /* FMDatabase.m in Sources */ = {isa = PBXBuildFile; fileRef = 580FFECA1EFE4160002A422D /* FMDatabase.m */; };
		580FFED61EFE4160002A422D /* FMDatabaseAdditions.m in Sources */ = {isa = PBXBuildFile; fileRef = 580FFECC1EFE4160002A422D /* FMDatabaseAdditions.m */; };
		580FFED71EFE4160002A422D /* FMDatabasePool.m in Sources */ = {isa = PBXBuildFile; fileRef = 580FFECE1EFE4160002A422D /* FMDatabasePool.m */; };
		580FFED81EFE4160002A422D /* FMDatabaseQueue.m in Sources */ = {isa = PBXBuildFile; fileRef = 580FFED01EFE4160002A422D /* FMDatabaseQueue.m */; };
		580FFED91EFE4160002A422D /* FMResultSet.m in Sources */ = {isa = PBXBuildFile; fileRef = 580FFED31EFE4160002A422D /* FMResultSet.m */; };
		580FFEDA1EFE4160002A422D /* Info.plist in Resources */ = {isa = PBXBuildFile; fileRef = 580FFED41EFE4160002A422D /* Info.plist */; };
		580FFEDD1EFE4196002A422D /* libsqlite3.0.tbd in Frameworks */ = {isa = PBXBuildFile; fileRef = 580FFEDC1EFE4196002A422D /* libsqlite3.0.tbd */; };
		580FFEE01EFE4C2A002A422D /* ZYDatabaseResult.m in Sources */ = {isa = PBXBuildFile; fileRef = 580FFEDF1EFE4C2A002A422D /* ZYDatabaseResult.m */; };
		580FFEE51EFE584E002A422D /* ZYDatabaseType.m in Sources */ = {isa = PBXBuildFile; fileRef = 580FFEE41EFE584E002A422D /* ZYDatabaseType.m */; };
/* End PBXBuildFile section */

/* Begin PBXContainerItemProxy section */
		580FFEA81EFE3F4F002A422D /* PBXContainerItemProxy */ = {
			isa = PBXContainerItemProxy;
			containerPortal = 580FFE861EFE3F4F002A422D /* Project object */;
			proxyType = 1;
			remoteGlobalIDString = 580FFE8D1EFE3F4F002A422D;
			remoteInfo = ZYDataBaseToolDemo;
		};
		580FFEB31EFE3F4F002A422D /* PBXContainerItemProxy */ = {
			isa = PBXContainerItemProxy;
			containerPortal = 580FFE861EFE3F4F002A422D /* Project object */;
			proxyType = 1;
			remoteGlobalIDString = 580FFE8D1EFE3F4F002A422D;
			remoteInfo = ZYDataBaseToolDemo;
		};
/* End PBXContainerItemProxy section */

/* Begin PBXFileReference section */
		580FFE8E1EFE3F4F002A422D /* ZYDataBaseToolDemo.app */ = {isa = PBXFileReference; explicitFileType = wrapper.application; includeInIndex = 0; path = ZYDataBaseToolDemo.app; sourceTree = BUILT_PRODUCTS_DIR; };
		580FFE921EFE3F4F002A422D /* main.m */ = {isa = PBXFileReference; lastKnownFileType = sourcecode.c.objc; path = main.m; sourceTree = "<group>"; };
		580FFE941EFE3F4F002A422D /* AppDelegate.h */ = {isa = PBXFileReference; lastKnownFileType = sourcecode.c.h; path = AppDelegate.h; sourceTree = "<group>"; };
		580FFE951EFE3F4F002A422D /* AppDelegate.m */ = {isa = PBXFileReference; lastKnownFileType = sourcecode.c.objc; path = AppDelegate.m; sourceTree = "<group>"; };
		580FFE971EFE3F4F002A422D /* ViewController.h */ = {isa = PBXFileReference; lastKnownFileType = sourcecode.c.h; path = ViewController.h; sourceTree = "<group>"; };
		580FFE981EFE3F4F002A422D /* ViewController.m */ = {isa = PBXFileReference; lastKnownFileType = sourcecode.c.objc; path = ViewController.m; sourceTree = "<group>"; };
		580FFE9B1EFE3F4F002A422D /* Base */ = {isa = PBXFileReference; lastKnownFileType = file.storyboard; name = Base; path = Base.lproj/Main.storyboard; sourceTree = "<group>"; };
		580FFE9D1EFE3F4F002A422D /* Assets.xcassets */ = {isa = PBXFileReference; lastKnownFileType = folder.assetcatalog; path = Assets.xcassets; sourceTree = "<group>"; };
		580FFEA01EFE3F4F002A422D /* Base */ = {isa = PBXFileReference; lastKnownFileType = file.storyboard; name = Base; path = Base.lproj/LaunchScreen.storyboard; sourceTree = "<group>"; };
		580FFEA21EFE3F4F002A422D /* Info.plist */ = {isa = PBXFileReference; lastKnownFileType = text.plist.xml; path = Info.plist; sourceTree = "<group>"; };
		580FFEA71EFE3F4F002A422D /* ZYDataBaseToolDemoTests.xctest */ = {isa = PBXFileReference; explicitFileType = wrapper.cfbundle; includeInIndex = 0; path = ZYDataBaseToolDemoTests.xctest; sourceTree = BUILT_PRODUCTS_DIR; };
		580FFEAB1EFE3F4F002A422D /* ZYDataBaseToolDemoTests.m */ = {isa = PBXFileReference; lastKnownFileType = sourcecode.c.objc; path = ZYDataBaseToolDemoTests.m; sourceTree = "<group>"; };
		580FFEAD1EFE3F4F002A422D /* Info.plist */ = {isa = PBXFileReference; lastKnownFileType = text.plist.xml; path = Info.plist; sourceTree = "<group>"; };
		580FFEB21EFE3F4F002A422D /* ZYDataBaseToolDemoUITests.xctest */ = {isa = PBXFileReference; explicitFileType = wrapper.cfbundle; includeInIndex = 0; path = ZYDataBaseToolDemoUITests.xctest; sourceTree = BUILT_PRODUCTS_DIR; };
		580FFEB61EFE3F4F002A422D /* ZYDataBaseToolDemoUITests.m */ = {isa = PBXFileReference; lastKnownFileType = sourcecode.c.objc; path = ZYDataBaseToolDemoUITests.m; sourceTree = "<group>"; };
		580FFEB81EFE3F4F002A422D /* Info.plist */ = {isa = PBXFileReference; lastKnownFileType = text.plist.xml; path = Info.plist; sourceTree = "<group>"; };
		580FFEC51EFE3F68002A422D /* ZYDatabaseTool.h */ = {isa = PBXFileReference; fileEncoding = 4; lastKnownFileType = sourcecode.c.h; path = ZYDatabaseTool.h; sourceTree = "<group>"; };
		580FFEC61EFE3F68002A422D /* ZYDatabaseTool.m */ = {isa = PBXFileReference; fileEncoding = 4; lastKnownFileType = sourcecode.c.objc; path = ZYDatabaseTool.m; sourceTree = "<group>"; };
		580FFEC91EFE4160002A422D /* FMDatabase.h */ = {isa = PBXFileReference; fileEncoding = 4; lastKnownFileType = sourcecode.c.h; path = FMDatabase.h; sourceTree = "<group>"; };
		580FFECA1EFE4160002A422D /* FMDatabase.m */ = {isa = PBXFileReference; fileEncoding = 4; lastKnownFileType = sourcecode.c.objc; path = FMDatabase.m; sourceTree = "<group>"; };
		580FFECB1EFE4160002A422D /* FMDatabaseAdditions.h */ = {isa = PBXFileReference; fileEncoding = 4; lastKnownFileType = sourcecode.c.h; path = FMDatabaseAdditions.h; sourceTree = "<group>"; };
		580FFECC1EFE4160002A422D /* FMDatabaseAdditions.m */ = {isa = PBXFileReference; fileEncoding = 4; lastKnownFileType = sourcecode.c.objc; path = FMDatabaseAdditions.m; sourceTree = "<group>"; };
		580FFECD1EFE4160002A422D /* FMDatabasePool.h */ = {isa = PBXFileReference; fileEncoding = 4; lastKnownFileType = sourcecode.c.h; path = FMDatabasePool.h; sourceTree = "<group>"; };
		580FFECE1EFE4160002A422D /* FMDatabasePool.m */ = {isa = PBXFileReference; fileEncoding = 4; lastKnownFileType = sourcecode.c.objc; path = FMDatabasePool.m; sourceTree = "<group>"; };
		580FFECF1EFE4160002A422D /* FMDatabaseQueue.h */ = {isa = PBXFileReference; fileEncoding = 4; lastKnownFileType = sourcecode.c.h; path = FMDatabaseQueue.h; sourceTree = "<group>"; };
		580FFED01EFE4160002A422D /* FMDatabaseQueue.m */ = {isa = PBXFileReference; fileEncoding = 4; lastKnownFileType = sourcecode.c.objc; path = FMDatabaseQueue.m; sourceTree = "<group>"; };
		580FFED11EFE4160002A422D /* FMDB.h */ = {isa = PBXFileReference; fileEncoding = 4; lastKnownFileType = sourcecode.c.h; path = FMDB.h; sourceTree = "<group>"; };
		580FFED21EFE4160002A422D /* FMResultSet.h */ = {isa = PBXFileReference; fileEncoding = 4; lastKnownFileType = sourcecode.c.h; path = FMResultSet.h; sourceTree = "<group>"; };
		580FFED31EFE4160002A422D /* FMResultSet.m */ = {isa = PBXFileReference; fileEncoding = 4; lastKnownFileType = sourcecode.c.objc; path = FMResultSet.m; sourceTree = "<group>"; };
		580FFED41EFE4160002A422D /* Info.plist */ = {isa = PBXFileReference; fileEncoding = 4; lastKnownFileType = text.plist.xml; path = Info.plist; sourceTree = "<group>"; };
		580FFEDC1EFE4196002A422D /* libsqlite3.0.tbd */ = {isa = PBXFileReference; lastKnownFileType = "sourcecode.text-based-dylib-definition"; name = libsqlite3.0.tbd; path = usr/lib/libsqlite3.0.tbd; sourceTree = SDKROOT; };
		580FFEDE1EFE4C2A002A422D /* ZYDatabaseResult.h */ = {isa = PBXFileReference; fileEncoding = 4; lastKnownFileType = sourcecode.c.h; path = ZYDatabaseResult.h; sourceTree = "<group>"; };
		580FFEDF1EFE4C2A002A422D /* ZYDatabaseResult.m */ = {isa = PBXFileReference; fileEncoding = 4; lastKnownFileType = sourcecode.c.objc; path = ZYDatabaseResult.m; sourceTree = "<group>"; };
		580FFEE31EFE584E002A422D /* ZYDatabaseType.h */ = {isa = PBXFileReference; fileEncoding = 4; lastKnownFileType = sourcecode.c.h; path = ZYDatabaseType.h; sourceTree = "<group>"; };
		580FFEE41EFE584E002A422D /* ZYDatabaseType.m */ = {isa = PBXFileReference; fileEncoding = 4; lastKnownFileType = sourcecode.c.objc; path = ZYDatabaseType.m; sourceTree = "<group>"; };
		580FFEE81EFE5CB6002A422D /* ZYDatabase.h */ = {isa = PBXFileReference; lastKnownFileType = sourcecode.c.h; path = ZYDatabase.h; sourceTree = "<group>"; };
/* End PBXFileReference section */

/* Begin PBXFrameworksBuildPhase section */
		580FFE8B1EFE3F4F002A422D /* Frameworks */ = {
			isa = PBXFrameworksBuildPhase;
			buildActionMask = 2147483647;
			files = (
				580FFEDD1EFE4196002A422D /* libsqlite3.0.tbd in Frameworks */,
			);
			runOnlyForDeploymentPostprocessing = 0;
		};
		580FFEA41EFE3F4F002A422D /* Frameworks */ = {
			isa = PBXFrameworksBuildPhase;
			buildActionMask = 2147483647;
			files = (
			);
			runOnlyForDeploymentPostprocessing = 0;
		};
		580FFEAF1EFE3F4F002A422D /* Frameworks */ = {
			isa = PBXFrameworksBuildPhase;
			buildActionMask = 2147483647;
			files = (
			);
			runOnlyForDeploymentPostprocessing = 0;
		};
/* End PBXFrameworksBuildPhase section */

/* Begin PBXGroup section */
		580FFE851EFE3F4F002A422D = {
			isa = PBXGroup;
			children = (
				580FFE901EFE3F4F002A422D /* ZYDataBaseToolDemo */,
				580FFEAA1EFE3F4F002A422D /* ZYDataBaseToolDemoTests */,
				580FFEB51EFE3F4F002A422D /* ZYDataBaseToolDemoUITests */,
				580FFE8F1EFE3F4F002A422D /* Products */,
				580FFEDB1EFE4195002A422D /* Frameworks */,
			);
			sourceTree = "<group>";
		};
		580FFE8F1EFE3F4F002A422D /* Products */ = {
			isa = PBXGroup;
			children = (
				580FFE8E1EFE3F4F002A422D /* ZYDataBaseToolDemo.app */,
				580FFEA71EFE3F4F002A422D /* ZYDataBaseToolDemoTests.xctest */,
				580FFEB21EFE3F4F002A422D /* ZYDataBaseToolDemoUITests.xctest */,
			);
			name = Products;
			sourceTree = "<group>";
		};
		580FFE901EFE3F4F002A422D /* ZYDataBaseToolDemo */ = {
			isa = PBXGroup;
			children = (
				580FFE941EFE3F4F002A422D /* AppDelegate.h */,
				580FFE951EFE3F4F002A422D /* AppDelegate.m */,
				580FFE971EFE3F4F002A422D /* ViewController.h */,
				580FFE981EFE3F4F002A422D /* ViewController.m */,
				580FFEC41EFE3F68002A422D /* ZYDataBase */,
				580FFE911EFE3F4F002A422D /* Supporting Files */,
			);
			path = ZYDataBaseToolDemo;
			sourceTree = "<group>";
		};
		580FFE911EFE3F4F002A422D /* Supporting Files */ = {
			isa = PBXGroup;
			children = (
				580FFE9A1EFE3F4F002A422D /* Main.storyboard */,
				580FFE9D1EFE3F4F002A422D /* Assets.xcassets */,
				580FFE9F1EFE3F4F002A422D /* LaunchScreen.storyboard */,
				580FFEA21EFE3F4F002A422D /* Info.plist */,
				580FFE921EFE3F4F002A422D /* main.m */,
			);
			name = "Supporting Files";
			sourceTree = "<group>";
		};
		580FFEAA1EFE3F4F002A422D /* ZYDataBaseToolDemoTests */ = {
			isa = PBXGroup;
			children = (
				580FFEAB1EFE3F4F002A422D /* ZYDataBaseToolDemoTests.m */,
				580FFEAD1EFE3F4F002A422D /* Info.plist */,
			);
			path = ZYDataBaseToolDemoTests;
			sourceTree = "<group>";
		};
		580FFEB51EFE3F4F002A422D /* ZYDataBaseToolDemoUITests */ = {
			isa = PBXGroup;
			children = (
				580FFEB61EFE3F4F002A422D /* ZYDataBaseToolDemoUITests.m */,
				580FFEB81EFE3F4F002A422D /* Info.plist */,
			);
			path = ZYDataBaseToolDemoUITests;
			sourceTree = "<group>";
		};
		580FFEC41EFE3F68002A422D /* ZYDataBase */ = {
			isa = PBXGroup;
			children = (
				580FFEC51EFE3F68002A422D /* ZYDatabaseTool.h */,
				580FFEC61EFE3F68002A422D /* ZYDatabaseTool.m */,
				580FFEDE1EFE4C2A002A422D /* ZYDatabaseResult.h */,
				580FFEDF1EFE4C2A002A422D /* ZYDatabaseResult.m */,
				580FFEE31EFE584E002A422D /* ZYDatabaseType.h */,
				580FFEE41EFE584E002A422D /* ZYDatabaseType.m */,
				580FFEE81EFE5CB6002A422D /* ZYDatabase.h */,
				580FFEC81EFE4160002A422D /* fmdb */,
			);
			path = ZYDataBase;
			sourceTree = "<group>";
		};
		580FFEC81EFE4160002A422D /* fmdb */ = {
			isa = PBXGroup;
			children = (
				580FFEC91EFE4160002A422D /* FMDatabase.h */,
				580FFECA1EFE4160002A422D /* FMDatabase.m */,
				580FFECB1EFE4160002A422D /* FMDatabaseAdditions.h */,
				580FFECC1EFE4160002A422D /* FMDatabaseAdditions.m */,
				580FFECD1EFE4160002A422D /* FMDatabasePool.h */,
				580FFECE1EFE4160002A422D /* FMDatabasePool.m */,
				580FFECF1EFE4160002A422D /* FMDatabaseQueue.h */,
				580FFED01EFE4160002A422D /* FMDatabaseQueue.m */,
				580FFED11EFE4160002A422D /* FMDB.h */,
				580FFED21EFE4160002A422D /* FMResultSet.h */,
				580FFED31EFE4160002A422D /* FMResultSet.m */,
				580FFED41EFE4160002A422D /* Info.plist */,
			);
			path = fmdb;
			sourceTree = "<group>";
		};
		580FFEDB1EFE4195002A422D /* Frameworks */ = {
			isa = PBXGroup;
			children = (
				580FFEDC1EFE4196002A422D /* libsqlite3.0.tbd */,
			);
			name = Frameworks;
			sourceTree = "<group>";
		};
/* End PBXGroup section */

/* Begin PBXNativeTarget section */
		580FFE8D1EFE3F4F002A422D /* ZYDataBaseToolDemo */ = {
			isa = PBXNativeTarget;
			buildConfigurationList = 580FFEBB1EFE3F4F002A422D /* Build configuration list for PBXNativeTarget "ZYDataBaseToolDemo" */;
			buildPhases = (
				580FFE8A1EFE3F4F002A422D /* Sources */,
				580FFE8B1EFE3F4F002A422D /* Frameworks */,
				580FFE8C1EFE3F4F002A422D /* Resources */,
			);
			buildRules = (
			);
			dependencies = (
			);
			name = ZYDataBaseToolDemo;
			productName = ZYDataBaseToolDemo;
			productReference = 580FFE8E1EFE3F4F002A422D /* ZYDataBaseToolDemo.app */;
			productType = "com.apple.product-type.application";
		};
		580FFEA61EFE3F4F002A422D /* ZYDataBaseToolDemoTests */ = {
			isa = PBXNativeTarget;
			buildConfigurationList = 580FFEBE1EFE3F4F002A422D /* Build configuration list for PBXNativeTarget "ZYDataBaseToolDemoTests" */;
			buildPhases = (
				580FFEA31EFE3F4F002A422D /* Sources */,
				580FFEA41EFE3F4F002A422D /* Frameworks */,
				580FFEA51EFE3F4F002A422D /* Resources */,
			);
			buildRules = (
			);
			dependencies = (
				580FFEA91EFE3F4F002A422D /* PBXTargetDependency */,
			);
			name = ZYDataBaseToolDemoTests;
			productName = ZYDataBaseToolDemoTests;
			productReference = 580FFEA71EFE3F4F002A422D /* ZYDataBaseToolDemoTests.xctest */;
			productType = "com.apple.product-type.bundle.unit-test";
		};
		580FFEB11EFE3F4F002A422D /* ZYDataBaseToolDemoUITests */ = {
			isa = PBXNativeTarget;
			buildConfigurationList = 580FFEC11EFE3F4F002A422D /* Build configuration list for PBXNativeTarget "ZYDataBaseToolDemoUITests" */;
			buildPhases = (
				580FFEAE1EFE3F4F002A422D /* Sources */,
				580FFEAF1EFE3F4F002A422D /* Frameworks */,
				580FFEB01EFE3F4F002A422D /* Resources */,
			);
			buildRules = (
			);
			dependencies = (
				580FFEB41EFE3F4F002A422D /* PBXTargetDependency */,
			);
			name = ZYDataBaseToolDemoUITests;
			productName = ZYDataBaseToolDemoUITests;
			productReference = 580FFEB21EFE3F4F002A422D /* ZYDataBaseToolDemoUITests.xctest */;
			productType = "com.apple.product-type.bundle.ui-testing";
		};
/* End PBXNativeTarget section */

/* Begin PBXProject section */
		580FFE861EFE3F4F002A422D /* Project object */ = {
			isa = PBXProject;
			attributes = {
				LastUpgradeCheck = 0830;
				ORGANIZATIONNAME = ZYSu;
				TargetAttributes = {
					580FFE8D1EFE3F4F002A422D = {
						CreatedOnToolsVersion = 8.3.2;
						ProvisioningStyle = Automatic;
					};
					580FFEA61EFE3F4F002A422D = {
						CreatedOnToolsVersion = 8.3.2;
						ProvisioningStyle = Automatic;
						TestTargetID = 580FFE8D1EFE3F4F002A422D;
					};
					580FFEB11EFE3F4F002A422D = {
						CreatedOnToolsVersion = 8.3.2;
						ProvisioningStyle = Automatic;
						TestTargetID = 580FFE8D1EFE3F4F002A422D;
					};
				};
			};
			buildConfigurationList = 580FFE891EFE3F4F002A422D /* Build configuration list for PBXProject "ZYDataBaseToolDemo" */;
			compatibilityVersion = "Xcode 3.2";
			developmentRegion = English;
			hasScannedForEncodings = 0;
			knownRegions = (
				en,
				Base,
			);
			mainGroup = 580FFE851EFE3F4F002A422D;
			productRefGroup = 580FFE8F1EFE3F4F002A422D /* Products */;
			projectDirPath = "";
			projectRoot = "";
			targets = (
				580FFE8D1EFE3F4F002A422D /* ZYDataBaseToolDemo */,
				580FFEA61EFE3F4F002A422D /* ZYDataBaseToolDemoTests */,
				580FFEB11EFE3F4F002A422D /* ZYDataBaseToolDemoUITests */,
			);
		};
/* End PBXProject section */

/* Begin PBXResourcesBuildPhase section */
		580FFE8C1EFE3F4F002A422D /* Resources */ = {
			isa = PBXResourcesBuildPhase;
			buildActionMask = 2147483647;
			files = (
				580FFEDA1EFE4160002A422D /* Info.plist in Resources */,
				580FFEA11EFE3F4F002A422D /* LaunchScreen.storyboard in Resources */,
				580FFE9E1EFE3F4F002A422D /* Assets.xcassets in Resources */,
				580FFE9C1EFE3F4F002A422D /* Main.storyboard in Resources */,
			);
			runOnlyForDeploymentPostprocessing = 0;
		};
		580FFEA51EFE3F4F002A422D /* Resources */ = {
			isa = PBXResourcesBuildPhase;
			buildActionMask = 2147483647;
			files = (
			);
			runOnlyForDeploymentPostprocessing = 0;
		};
		580FFEB01EFE3F4F002A422D /* Resources */ = {
			isa = PBXResourcesBuildPhase;
			buildActionMask = 2147483647;
			files = (
			);
			runOnlyForDeploymentPostprocessing = 0;
		};
/* End PBXResourcesBuildPhase section */

/* Begin PBXSourcesBuildPhase section */
		580FFE8A1EFE3F4F002A422D /* Sources */ = {
			isa = PBXSourcesBuildPhase;
			buildActionMask = 2147483647;
			files = (
				580FFEE01EFE4C2A002A422D /* ZYDatabaseResult.m in Sources */,
				580FFE991EFE3F4F002A422D /* ViewController.m in Sources */,
				580FFEE51EFE584E002A422D /* ZYDatabaseType.m in Sources */,
				580FFED81EFE4160002A422D /* FMDatabaseQueue.m in Sources */,
				580FFE961EFE3F4F002A422D /* AppDelegate.m in Sources */,
				580FFE931EFE3F4F002A422D /* main.m in Sources */,
				580FFED51EFE4160002A422D /* FMDatabase.m in Sources */,
				580FFED71EFE4160002A422D /* FMDatabasePool.m in Sources */,
				580FFED91EFE4160002A422D /* FMResultSet.m in Sources */,
				580FFEC71EFE3F68002A422D /* ZYDatabaseTool.m in Sources */,
				580FFED61EFE4160002A422D /* FMDatabaseAdditions.m in Sources */,
			);
			runOnlyForDeploymentPostprocessing = 0;
		};
		580FFEA31EFE3F4F002A422D /* Sources */ = {
			isa = PBXSourcesBuildPhase;
			buildActionMask = 2147483647;
			files = (
				580FFEAC1EFE3F4F002A422D /* ZYDataBaseToolDemoTests.m in Sources */,
			);
			runOnlyForDeploymentPostprocessing = 0;
		};
		580FFEAE1EFE3F4F002A422D /* Sources */ = {
			isa = PBXSourcesBuildPhase;
			buildActionMask = 2147483647;
			files = (
				580FFEB71EFE3F4F002A422D /* ZYDataBaseToolDemoUITests.m in Sources */,
			);
			runOnlyForDeploymentPostprocessing = 0;
		};
/* End PBXSourcesBuildPhase section */

/* Begin PBXTargetDependency section */
		580FFEA91EFE3F4F002A422D /* PBXTargetDependency */ = {
			isa = PBXTargetDependency;
			target = 580FFE8D1EFE3F4F002A422D /* ZYDataBaseToolDemo */;
			targetProxy = 580FFEA81EFE3F4F002A422D /* PBXContainerItemProxy */;
		};
		580FFEB41EFE3F4F002A422D /* PBXTargetDependency */ = {
			isa = PBXTargetDependency;
			target = 580FFE8D1EFE3F4F002A422D /* ZYDataBaseToolDemo */;
			targetProxy = 580FFEB31EFE3F4F002A422D /* PBXContainerItemProxy */;
		};
/* End PBXTargetDependency section */

/* Begin PBXVariantGroup section */
		580FFE9A1EFE3F4F002A422D /* Main.storyboard */ = {
			isa = PBXVariantGroup;
			children = (
				580FFE9B1EFE3F4F002A422D /* Base */,
			);
			name = Main.storyboard;
			sourceTree = "<group>";
		};
		580FFE9F1EFE3F4F002A422D /* LaunchScreen.storyboard */ = {
			isa = PBXVariantGroup;
			children = (
				580FFEA01EFE3F4F002A422D /* Base */,
			);
			name = LaunchScreen.storyboard;
			sourceTree = "<group>";
		};
/* End PBXVariantGroup section */

/* Begin XCBuildConfiguration section */
		580FFEB91EFE3F4F002A422D /* Debug */ = {
			isa = XCBuildConfiguration;
			buildSettings = {
				ALWAYS_SEARCH_USER_PATHS = NO;
				CLANG_ANALYZER_NONNULL = YES;
				CLANG_ANALYZER_NUMBER_OBJECT_CONVERSION = YES_AGGRESSIVE;
				CLANG_CXX_LANGUAGE_STANDARD = "gnu++0x";
				CLANG_CXX_LIBRARY = "libc++";
				CLANG_ENABLE_MODULES = YES;
				CLANG_ENABLE_OBJC_ARC = YES;
				CLANG_WARN_BOOL_CONVERSION = YES;
				CLANG_WARN_CONSTANT_CONVERSION = YES;
				CLANG_WARN_DIRECT_OBJC_ISA_USAGE = YES_ERROR;
				CLANG_WARN_DOCUMENTATION_COMMENTS = YES;
				CLANG_WARN_EMPTY_BODY = YES;
				CLANG_WARN_ENUM_CONVERSION = YES;
				CLANG_WARN_INFINITE_RECURSION = YES;
				CLANG_WARN_INT_CONVERSION = YES;
				CLANG_WARN_OBJC_ROOT_CLASS = YES_ERROR;
				CLANG_WARN_SUSPICIOUS_MOVE = YES;
				CLANG_WARN_UNREACHABLE_CODE = YES;
				CLANG_WARN__DUPLICATE_METHOD_MATCH = YES;
				"CODE_SIGN_IDENTITY[sdk=iphoneos*]" = "iPhone Developer";
				COPY_PHASE_STRIP = NO;
				DEBUG_INFORMATION_FORMAT = dwarf;
				ENABLE_STRICT_OBJC_MSGSEND = YES;
				ENABLE_TESTABILITY = YES;
				GCC_C_LANGUAGE_STANDARD = gnu99;
				GCC_DYNAMIC_NO_PIC = NO;
				GCC_NO_COMMON_BLOCKS = YES;
				GCC_OPTIMIZATION_LEVEL = 0;
				GCC_PREPROCESSOR_DEFINITIONS = (
					"DEBUG=1",
					"$(inherited)",
				);
				GCC_WARN_64_TO_32_BIT_CONVERSION = YES;
				GCC_WARN_ABOUT_RETURN_TYPE = YES_ERROR;
				GCC_WARN_UNDECLARED_SELECTOR = YES;
				GCC_WARN_UNINITIALIZED_AUTOS = YES_AGGRESSIVE;
				GCC_WARN_UNUSED_FUNCTION = YES;
				GCC_WARN_UNUSED_VARIABLE = YES;
				IPHONEOS_DEPLOYMENT_TARGET = 10.3;
				MTL_ENABLE_DEBUG_INFO = YES;
				ONLY_ACTIVE_ARCH = YES;
				SDKROOT = iphoneos;
				TARGETED_DEVICE_FAMILY = "1,2";
			};
			name = Debug;
		};
		580FFEBA1EFE3F4F002A422D /* Release */ = {
			isa = XCBuildConfiguration;
			buildSettings = {
				ALWAYS_SEARCH_USER_PATHS = NO;
				CLANG_ANALYZER_NONNULL = YES;
				CLANG_ANALYZER_NUMBER_OBJECT_CONVERSION = YES_AGGRESSIVE;
				CLANG_CXX_LANGUAGE_STANDARD = "gnu++0x";
				CLANG_CXX_LIBRARY = "libc++";
				CLANG_ENABLE_MODULES = YES;
				CLANG_ENABLE_OBJC_ARC = YES;
				CLANG_WARN_BOOL_CONVERSION = YES;
				CLANG_WARN_CONSTANT_CONVERSION = YES;
				CLANG_WARN_DIRECT_OBJC_ISA_USAGE = YES_ERROR;
				CLANG_WARN_DOCUMENTATION_COMMENTS = YES;
				CLANG_WARN_EMPTY_BODY = YES;
				CLANG_WARN_ENUM_CONVERSION = YES;
				CLANG_WARN_INFINITE_RECURSION = YES;
				CLANG_WARN_INT_CONVERSION = YES;
				CLANG_WARN_OBJC_ROOT_CLASS = YES_ERROR;
				CLANG_WARN_SUSPICIOUS_MOVE = YES;
				CLANG_WARN_UNREACHABLE_CODE = YES;
				CLANG_WARN__DUPLICATE_METHOD_MATCH = YES;
				"CODE_SIGN_IDENTITY[sdk=iphoneos*]" = "iPhone Developer";
				COPY_PHASE_STRIP = NO;
				DEBUG_INFORMATION_FORMAT = "dwarf-with-dsym";
				ENABLE_NS_ASSERTIONS = NO;
				ENABLE_STRICT_OBJC_MSGSEND = YES;
				GCC_C_LANGUAGE_STANDARD = gnu99;
				GCC_NO_COMMON_BLOCKS = YES;
				GCC_WARN_64_TO_32_BIT_CONVERSION = YES;
				GCC_WARN_ABOUT_RETURN_TYPE = YES_ERROR;
				GCC_WARN_UNDECLARED_SELECTOR = YES;
				GCC_WARN_UNINITIALIZED_AUTOS = YES_AGGRESSIVE;
				GCC_WARN_UNUSED_FUNCTION = YES;
				GCC_WARN_UNUSED_VARIABLE = YES;
				IPHONEOS_DEPLOYMENT_TARGET = 10.3;
				MTL_ENABLE_DEBUG_INFO = NO;
				SDKROOT = iphoneos;
				TARGETED_DEVICE_FAMILY = "1,2";
				VALIDATE_PRODUCT = YES;
			};
			name = Release;
		};
		580FFEBC1EFE3F4F002A422D /* Debug */ = {
			isa = XCBuildConfiguration;
			buildSettings = {
				ASSETCATALOG_COMPILER_APPICON_NAME = AppIcon;
				INFOPLIST_FILE = ZYDataBaseToolDemo/Info.plist;
				LD_RUNPATH_SEARCH_PATHS = "$(inherited) @executable_path/Frameworks";
				PRODUCT_BUNDLE_IDENTIFIER = yubang.ZYDataBaseToolDemo;
				PRODUCT_NAME = "$(TARGET_NAME)";
			};
			name = Debug;
		};
		580FFEBD1EFE3F4F002A422D /* Release */ = {
			isa = XCBuildConfiguration;
			buildSettings = {
				ASSETCATALOG_COMPILER_APPICON_NAME = AppIcon;
				INFOPLIST_FILE = ZYDataBaseToolDemo/Info.plist;
				LD_RUNPATH_SEARCH_PATHS = "$(inherited) @executable_path/Frameworks";
				PRODUCT_BUNDLE_IDENTIFIER = yubang.ZYDataBaseToolDemo;
				PRODUCT_NAME = "$(TARGET_NAME)";
			};
			name = Release;
		};
		580FFEBF1EFE3F4F002A422D /* Debug */ = {
			isa = XCBuildConfiguration;
			buildSettings = {
				BUNDLE_LOADER = "$(TEST_HOST)";
				INFOPLIST_FILE = ZYDataBaseToolDemoTests/Info.plist;
				LD_RUNPATH_SEARCH_PATHS = "$(inherited) @executable_path/Frameworks @loader_path/Frameworks";
				PRODUCT_BUNDLE_IDENTIFIER = yubang.ZYDataBaseToolDemoTests;
				PRODUCT_NAME = "$(TARGET_NAME)";
				TEST_HOST = "$(BUILT_PRODUCTS_DIR)/ZYDataBaseToolDemo.app/ZYDataBaseToolDemo";
			};
			name = Debug;
		};
		580FFEC01EFE3F4F002A422D /* Release */ = {
			isa = XCBuildConfiguration;
			buildSettings = {
				BUNDLE_LOADER = "$(TEST_HOST)";
				INFOPLIST_FILE = ZYDataBaseToolDemoTests/Info.plist;
				LD_RUNPATH_SEARCH_PATHS = "$(inherited) @executable_path/Frameworks @loader_path/Frameworks";
				PRODUCT_BUNDLE_IDENTIFIER = yubang.ZYDataBaseToolDemoTests;
				PRODUCT_NAME = "$(TARGET_NAME)";
				TEST_HOST = "$(BUILT_PRODUCTS_DIR)/ZYDataBaseToolDemo.app/ZYDataBaseToolDemo";
			};
			name = Release;
		};
		580FFEC21EFE3F4F002A422D /* Debug */ = {
			isa = XCBuildConfiguration;
			buildSettings = {
				INFOPLIST_FILE = ZYDataBaseToolDemoUITests/Info.plist;
				LD_RUNPATH_SEARCH_PATHS = "$(inherited) @executable_path/Frameworks @loader_path/Frameworks";
				PRODUCT_BUNDLE_IDENTIFIER = yubang.ZYDataBaseToolDemoUITests;
				PRODUCT_NAME = "$(TARGET_NAME)";
				TEST_TARGET_NAME = ZYDataBaseToolDemo;
			};
			name = Debug;
		};
		580FFEC31EFE3F4F002A422D /* Release */ = {
			isa = XCBuildConfiguration;
			buildSettings = {
				INFOPLIST_FILE = ZYDataBaseToolDemoUITests/Info.plist;
				LD_RUNPATH_SEARCH_PATHS = "$(inherited) @executable_path/Frameworks @loader_path/Frameworks";
				PRODUCT_BUNDLE_IDENTIFIER = yubang.ZYDataBaseToolDemoUITests;
				PRODUCT_NAME = "$(TARGET_NAME)";
				TEST_TARGET_NAME = ZYDataBaseToolDemo;
			};
			name = Release;
		};
/* End XCBuildConfiguration section */

/* Begin XCConfigurationList section */
		580FFE891EFE3F4F002A422D /* Build configuration list for PBXProject "ZYDataBaseToolDemo" */ = {
			isa = XCConfigurationList;
			buildConfigurations = (
				580FFEB91EFE3F4F002A422D /* Debug */,
				580FFEBA1EFE3F4F002A422D /* Release */,
			);
			defaultConfigurationIsVisible = 0;
			defaultConfigurationName = Release;
		};
		580FFEBB1EFE3F4F002A422D /* Build configuration list for PBXNativeTarget "ZYDataBaseToolDemo" */ = {
			isa = XCConfigurationList;
			buildConfigurations = (
				580FFEBC1EFE3F4F002A422D /* Debug */,
				580FFEBD1EFE3F4F002A422D /* Release */,
			);
			defaultConfigurationIsVisible = 0;
		};
		580FFEBE1EFE3F4F002A422D /* Build configuration list for PBXNativeTarget "ZYDataBaseToolDemoTests" */ = {
			isa = XCConfigurationList;
			buildConfigurations = (
				580FFEBF1EFE3F4F002A422D /* Debug */,
				580FFEC01EFE3F4F002A422D /* Release */,
			);
			defaultConfigurationIsVisible = 0;
		};
		580FFEC11EFE3F4F002A422D /* Build configuration list for PBXNativeTarget "ZYDataBaseToolDemoUITests" */ = {
			isa = XCConfigurationList;
			buildConfigurations = (
				580FFEC21EFE3F4F002A422D /* Debug */,
				580FFEC31EFE3F4F002A422D /* Release */,
			);
			defaultConfigurationIsVisible = 0;
		};
/* End XCConfigurationList section */
	};
	rootObject = 580FFE861EFE3F4F002A422D /* Project object */;
}
